{
  "name": "opentimes",
  "version": "1.0.0",
  "lockfileVersion": 3,
  "requires": true,
  "packages": {
    "": {
      "name": "opentimes",
      "version": "1.0.0",
      "license": "ISC",
      "dependencies": {
        "hyparquet": "^1.6.4",
        "hyparquet-compressors": "^1.0.0"
      }
    },
    "node_modules/fzstd": {
      "version": "0.1.1",
      "resolved": "https://registry.npmjs.org/fzstd/-/fzstd-0.1.1.tgz",
      "integrity": "sha512-dkuVSOKKwh3eas5VkJy1AW1vFpet8TA/fGmVA5krThl8YcOVE/8ZIoEA1+U1vEn5ckxxhLirSdY837azmbaNHA==",
      "license": "MIT"
    },
    "node_modules/hyparquet": {
      "version": "1.6.4",
      "resolved": "https://registry.npmjs.org/hyparquet/-/hyparquet-1.6.4.tgz",
      "integrity": "sha512-/jmKyRXz/fL9WD4InQCdq9n8S+x7v+EeigwwSjFc3Tr6iijgSYMA0FTltwz4wEBR/q8vAYfhlXymhaRBnp6pJQ==",
      "license": "MIT"
    },
    "node_modules/hyparquet-compressors": {
      "version": "1.0.0",
      "resolved": "https://registry.npmjs.org/hyparquet-compressors/-/hyparquet-compressors-1.0.0.tgz",
      "integrity": "sha512-cKueptWa8P9oXX3DMlLoHHXl4DWHvEJwXihb30vXJVJWMSrDsEK6v1v455vW1g3nF+b3THYWpRT3pi++YB4sOg==",
      "license": "MIT",
      "dependencies": {
        "fzstd": "0.1.1",
        "hysnappy": "1.0.0"
      }
    },
    "node_modules/hysnappy": {
      "version": "1.0.0",
      "resolved": "https://registry.npmjs.org/hysnappy/-/hysnappy-1.0.0.tgz",
      "integrity": "sha512-MNrC4NfwDGPb889O6gIfEtbvEZCSWUsSEhsz4Oq2FRcpGtXHfeVz3KciSPp5Pnnz1NjFMgDQNfxdJozymJEDDA==",
      "license": "MIT"
    }
  }
}
