schema: '2.0'
stages:
  fetch_tiger_national@2020-state:
    cmd: python ./src/fetch_tiger.py --year 2020 --geography state
    deps:
    - path: ./src/fetch_tiger.py
      hash: md5
      md5: ac7922c7952aaf62555edf8d7dab253b
      size: 2562
    params:
      params.yaml:
        input.census.geography.national:
        - state
        - county
        - zcta
        input.year:
        - '2020'
        - '2021'
        - '2022'
        - '2023'
    outs:
    - path: ./input/tiger/year=2020/geography=state/state.zip
      hash: md5
      md5: d952efee7be1afa73e29acfe72c1de36
      size: 9757887
  fetch_tiger_national@2020-county:
    cmd: python ./src/fetch_tiger.py --year 2020 --geography county
    deps:
    - path: ./src/fetch_tiger.py
      hash: md5
      md5: ac7922c7952aaf62555edf8d7dab253b
      size: 2562
    params:
      params.yaml:
        input.census.geography.national:
        - state
        - county
        - zcta
        input.year:
        - '2020'
        - '2021'
        - '2022'
        - '2023'
    outs:
    - path: ./input/tiger/year=2020/geography=county/county.zip
      hash: md5
      md5: 36e1db70ebca5c7a7a8a5119c4064d23
      size: 80644766
